
Microsoft Visual Studio Solution File, Format Version 12.00
# Visual Studio Version 17
VisualStudioVersion = 17.8.34309.116
MinimumVisualStudioVersion = 10.0.40219.1
Project("{2150E333-8FDC-42A3-9474-1A3956D46DE8}") = "src", "src", "{9AAB4341-6733-4E74-BD2E-74AEAB376BB5}"
EndProject
Project("{2150E333-8FDC-42A3-9474-1A3956D46DE8}") = "tests", "tests", "{8EE33FFB-CF73-4B52-A1FB-7C8F8846578A}"
EndProject
Project("{9A19103F-16F7-4668-BE54-9A1E7A4F7556}") = "Web", "src\Web\Web.csproj", "{30285CF0-A3AA-4BEA-89C7-372ECBB8079A}"
EndProject
Project("{9A19103F-16F7-4668-BE54-9A1E7A4F7556}") = "Infrastructure", "src\Infrastructure\Infrastructure.csproj", "{F6D53B0F-B1E6-4348-AC0A-11FA1D00C193}"
EndProject
Project("{9A19103F-16F7-4668-BE54-9A1E7A4F7556}") = "ApplicationCore", "src\ApplicationCore\ApplicationCore.csproj", "{A3BA283B-0BD9-4206-99DA-67CF94242583}"
EndProject
Project("{9A19103F-16F7-4668-BE54-9A1E7A4F7556}") = "UnitTests", "tests\UnitTests\UnitTests.csproj", "{0711D852-ECBA-4CF1-B78D-5DFDB6846E6B}"
EndProject
Project("{2150E333-8FDC-42A3-9474-1A3956D46DE8}") = "Solution Items", "Solution Items", "{F8E6202E-0FD9-4718-AB32-72B94FC47CE8}"
	ProjectSection(SolutionItems) = preProject
		README.md = README.md
	EndProjectSection
EndProject
Global
	GlobalSection(SolutionConfigurationPlatforms) = preSolution
		Debug|Any CPU = Debug|Any CPU
		Release|Any CPU = Release|Any CPU
	EndGlobalSection
	GlobalSection(ProjectConfigurationPlatforms) = postSolution
		{30285CF0-A3AA-4BEA-89C7-372ECBB8079A}.Debug|Any CPU.ActiveCfg = Debug|Any CPU
		{30285CF0-A3AA-4BEA-89C7-372ECBB8079A}.Debug|Any CPU.Build.0 = Debug|Any CPU
		{30285CF0-A3AA-4BEA-89C7-372ECBB8079A}.Release|Any CPU.ActiveCfg = Release|Any CPU
		{30285CF0-A3AA-4BEA-89C7-372ECBB8079A}.Release|Any CPU.Build.0 = Release|Any CPU
		{F6D53B0F-B1E6-4348-AC0A-11FA1D00C193}.Debug|Any CPU.ActiveCfg = Debug|Any CPU
		{F6D53B0F-B1E6-4348-AC0A-11FA1D00C193}.Debug|Any CPU.Build.0 = Debug|Any CPU
		{F6D53B0F-B1E6-4348-AC0A-11FA1D00C193}.Release|Any CPU.ActiveCfg = Release|Any CPU
		{F6D53B0F-B1E6-4348-AC0A-11FA1D00C193}.Release|Any CPU.Build.0 = Release|Any CPU
		{A3BA283B-0BD9-4206-99DA-67CF94242583}.Debug|Any CPU.ActiveCfg = Debug|Any CPU
		{A3BA283B-0BD9-4206-99DA-67CF94242583}.Debug|Any CPU.Build.0 = Debug|Any CPU
		{A3BA283B-0BD9-4206-99DA-67CF94242583}.Release|Any CPU.ActiveCfg = Release|Any CPU
		{A3BA283B-0BD9-4206-99DA-67CF94242583}.Release|Any CPU.Build.0 = Release|Any CPU
		{0711D852-ECBA-4CF1-B78D-5DFDB6846E6B}.Debug|Any CPU.ActiveCfg = Debug|Any CPU
		{0711D852-ECBA-4CF1-B78D-5DFDB6846E6B}.Debug|Any CPU.Build.0 = Debug|Any CPU
		{0711D852-ECBA-4CF1-B78D-5DFDB6846E6B}.Release|Any CPU.ActiveCfg = Release|Any CPU
		{0711D852-ECBA-4CF1-B78D-5DFDB6846E6B}.Release|Any CPU.Build.0 = Release|Any CPU
	EndGlobalSection
	GlobalSection(SolutionProperties) = preSolution
		HideSolutionNode = FALSE
	EndGlobalSection
	GlobalSection(NestedProjects) = preSolution
		{30285CF0-A3AA-4BEA-89C7-372ECBB8079A} = {9AAB4341-6733-4E74-BD2E-74AEAB376BB5}
		{F6D53B0F-B1E6-4348-AC0A-11FA1D00C193} = {9AAB4341-6733-4E74-BD2E-74AEAB376BB5}
		{A3BA283B-0BD9-4206-99DA-67CF94242583} = {9AAB4341-6733-4E74-BD2E-74AEAB376BB5}
		{0711D852-ECBA-4CF1-B78D-5DFDB6846E6B} = {8EE33FFB-CF73-4B52-A1FB-7C8F8846578A}
	EndGlobalSection
	GlobalSection(ExtensibilityGlobals) = postSolution
		SolutionGuid = {DFE29169-C039-4865-ADDC-88D5B6FF3C72}
	EndGlobalSection
EndGlobal
